<?xml version="1.0" encoding="utf-8"?>
<Project ToolsVersion="4.0" xmlns="http://schemas.microsoft.com/developer/msbuild/2003">
  <ItemGroup>
    <Filter Include="Source Files">
      <UniqueIdentifier>{4FC737F1-C7A5-4376-A066-2A32D752A2FF}</UniqueIdentifier>
      <Extensions>cpp;c;cc;cxx;c++;cppm;ixx;def;odl;idl;hpj;bat;asm;asmx</Extensions>
    </Filter>
    <Filter Include="Header Files">
      <UniqueIdentifier>{93995380-89BD-4b04-88EB-625FBE52EBFB}</UniqueIdentifier>
      <Extensions>h;hh;hpp;hxx;h++;hm;inl;inc;ipp;xsd</Extensions>
    </Filter>
    <Filter Include="Resource Files">
      <UniqueIdentifier>{67DA6AB6-F800-4c08-8B7A-83BB121AAD01}</UniqueIdentifier>
      <Extensions>rc;ico;cur;bmp;dlg;rc2;rct;bin;rgs;gif;jpg;jpeg;jpe;resx;tiff;tif;png;wav;mfcribbon-ms</Extensions>
    </Filter>
    <Filter Include="Shaders">
      <UniqueIdentifier>{62978e7b-eb66-4a49-8dda-93892773d256}</UniqueIdentifier>
    </Filter>
    <Filter Include="Input">
      <UniqueIdentifier>{668bcca9-d129-40c2-8ad1-8164b511548a}</UniqueIdentifier>
    </Filter>
    <Filter Include="Input\Modules">
      <UniqueIdentifier>{8e8dc3d3-f203-4475-8e89-79a96dc961a5}</UniqueIdentifier>
    </Filter>
    <Filter Include="Input\Components">
      <UniqueIdentifier>{ba5e3bd2-691a-4bd7-bf85-b734759f6b23}</UniqueIdentifier>
    </Filter>
    <Filter Include="Graphics">
      <UniqueIdentifier>{c269adf7-6392-4162-a5ac-06043c165dbe}</UniqueIdentifier>
    </Filter>
    <Filter Include="Core">
      <UniqueIdentifier>{3ab33854-9606-431e-b868-eb36b728a7ba}</UniqueIdentifier>
    </Filter>
    <Filter Include="Core\Modules">
      <UniqueIdentifier>{9df72c5d-2355-436d-8f84-18f4d1e583af}</UniqueIdentifier>
    </Filter>
    <Filter Include="Core\Components">
      <UniqueIdentifier>{f858bbde-8c02-4cc5-b9f0-9e45b97ac742}</UniqueIdentifier>
    </Filter>
    <Filter Include="Core\Components\InputComponent">
      <UniqueIdentifier>{9730f55d-832f-471a-a296-3f340e3b6a45}</UniqueIdentifier>
    </Filter>
    <Filter Include="Core\Components\GraphicsComponent">
      <UniqueIdentifier>{8162a3f1-2b87-48a3-8305-ae8e81559510}</UniqueIdentifier>
    </Filter>
    <Filter Include="Core\Components\PhysicsComponent">
      <UniqueIdentifier>{d6f16a95-c693-40d4-91af-7131ff047035}</UniqueIdentifier>
    </Filter>
    <Filter Include="Core\GameObject">
      <UniqueIdentifier>{89ffe1a2-607f-4584-8f24-8f44d5632c50}</UniqueIdentifier>
    </Filter>
  </ItemGroup>
  <ItemGroup>
    <FxCompile Include="shaders.hlsl">
      <Filter>Shaders</Filter>
    </FxCompile>
    <FxCompile Include="text2D_shaders.hlsl">
      <Filter>Shaders</Filter>
    </FxCompile>
    <FxCompile Include="model_shaders.hlsl">
      <Filter>Shaders</Filter>
    </FxCompile>
  </ItemGroup>
  <ItemGroup>
    <ClInclude Include="Camera.h">
      <Filter>Header Files</Filter>
    </ClInclude>
    <ClInclude Include="text2D.h">
      <Filter>Header Files</Filter>
    </ClInclude>
    <ClInclude Include="objfilemodel.h">
      <Filter>Header Files</Filter>
    </ClInclude>
    <ClInclude Include="Model.h">
      <Filter>Header Files</Filter>
    </ClInclude>
    <ClInclude Include="InputKeyboard.h">
      <Filter>Input</Filter>
    </ClInclude>
    <ClInclude Include="InputComponent.h">
      <Filter>Core\Components\InputComponent</Filter>
    </ClInclude>
    <ClInclude Include="GraphicsComponent.h">
      <Filter>Core\Components\GraphicsComponent</Filter>
    </ClInclude>
    <ClInclude Include="ModuleKeyboard.h">
      <Filter>Core\Modules</Filter>
    </ClInclude>
    <ClInclude Include="GameObject.h">
      <Filter>Core\GameObject</Filter>
    </ClInclude>
    <ClInclude Include="PhysicsComponent.h">
      <Filter>Core\Components\PhysicsComponent</Filter>
    </ClInclude>
  </ItemGroup>
  <ItemGroup>
    <ClCompile Include="Camera.cpp">
      <Filter>Source Files</Filter>
    </ClCompile>
    <ClCompile Include="Main.cpp">
      <Filter>Source Files</Filter>
    </ClCompile>
    <ClCompile Include="text2D.cpp">
      <Filter>Source Files</Filter>
    </ClCompile>
    <ClCompile Include="objfilemodel.cpp">
      <Filter>Source Files</Filter>
    </ClCompile>
    <ClCompile Include="Model.cpp">
      <Filter>Source Files</Filter>
    </ClCompile>
    <ClCompile Include="InputKeyboard.cpp">
      <Filter>Input</Filter>
    </ClCompile>
    <ClCompile Include="InputComponent.cpp">
      <Filter>Core\Components\InputComponent</Filter>
    </ClCompile>
    <ClCompile Include="GraphicsComponent.cpp">
      <Filter>Core\Components\GraphicsComponent</Filter>
    </ClCompile>
    <ClCompile Include="ModuleKeyboard.cpp">
      <Filter>Core\Modules</Filter>
    </ClCompile>
    <ClCompile Include="GameObject.cpp">
      <Filter>Core\GameObject</Filter>
    </ClCompile>
    <ClCompile Include="PhysicsComponent.cpp">
      <Filter>Core\Components\PhysicsComponent</Filter>
    </ClCompile>
  </ItemGroup>
</Project>